{
  "name": "angular-oauth2-oidc-dpop",
  "version": "0.0.1",
  "lockfileVersion": 2,
  "requires": true,
  "packages": {
    "": {
      "name": "angular-oauth2-oidc-dpop",
      "version": "0.0.1",
      "dependencies": {
        "jsrsasign": "^10.3.0",
        "tslib": "^2.3.0"
      }
    },
    "node_modules/jsrsasign": {
      "version": "10.7.0",
      "resolved": "https://registry.npmjs.org/jsrsasign/-/jsrsasign-10.7.0.tgz",
      "integrity": "sha512-D5V2gGpYGtwbAtQHoglTVrpYf7QJuNoPEhaLOsTFONS2jXUl3qyR1hnYrNpASAybqQeiDYA3zGthR0ubgPRoQA==",
      "funding": {
        "url": "https://github.com/kjur/jsrsasign#donations"
      }
    },
    "node_modules/tslib": {
      "version": "2.5.0",
      "resolved": "https://registry.npmjs.org/tslib/-/tslib-2.5.0.tgz",
      "integrity": "sha512-336iVw3rtn2BUK7ORdIAHTyxHGRIHVReokCR3XjbckJMK7ms8FysBfhLR8IXnAgy7T0PTPNBWKiH514FOW/WSg=="
    }
  },
  "dependencies": {
    "jsrsasign": {
      "version": "10.7.0",
      "resolved": "https://registry.npmjs.org/jsrsasign/-/jsrsasign-10.7.0.tgz",
      "integrity": "sha512-D5V2gGpYGtwbAtQHoglTVrpYf7QJuNoPEhaLOsTFONS2jXUl3qyR1hnYrNpASAybqQeiDYA3zGthR0ubgPRoQA=="
    },
    "tslib": {
      "version": "2.5.0",
      "resolved": "https://registry.npmjs.org/tslib/-/tslib-2.5.0.tgz",
      "integrity": "sha512-336iVw3rtn2BUK7ORdIAHTyxHGRIHVReokCR3XjbckJMK7ms8FysBfhLR8IXnAgy7T0PTPNBWKiH514FOW/WSg=="
    }
  }
}
